
Microsoft Visual Studio Solution File, Format Version 12.00
# Visual Studio 14
VisualStudioVersion = 14.0.25420.1
MinimumVisualStudioVersion = 10.0.40219.1
Project("{FAE04EC0-301F-11D3-BF4B-00C04F79EFBC}") = "LuresWebApp", "LuresWebApp\LuresWebApp.csproj", "{209401C3-6851-4BD2-AF0E-C538843E18C9}"
EndProject
Project("{FAE04EC0-301F-11D3-BF4B-00C04F79EFBC}") = "LuresWebLib", "LuresWebLib\LuresWebLib.csproj", "{ADD4D3D1-A388-48D5-AB1C-EDA50EE4CA1E}"
EndProject
Project("{FAE04EC0-301F-11D3-BF4B-00C04F79EFBC}") = "LuresWebLib.UnitTests", "LuresWebLib.UnitTests\LuresWebLib.UnitTests.csproj", "{577A9FC7-03DD-4CA7-B486-CBA1108FF0AD}"
EndProject
Project("{FAE04EC0-301F-11D3-BF4B-00C04F79EFBC}") = "CreateUpdateLuresDb", "CreateUpdateLuresDb\CreateUpdateLuresDb.csproj", "{77113C85-26E9-4A87-A226-3C880AEA7E93}"
EndProject
Global
	GlobalSection(SolutionConfigurationPlatforms) = preSolution
		Debug|Any CPU = Debug|Any CPU
		Release|Any CPU = Release|Any CPU
	EndGlobalSection
	GlobalSection(ProjectConfigurationPlatforms) = postSolution
		{209401C3-6851-4BD2-AF0E-C538843E18C9}.Debug|Any CPU.ActiveCfg = Debug|Any CPU
		{209401C3-6851-4BD2-AF0E-C538843E18C9}.Debug|Any CPU.Build.0 = Debug|Any CPU
		{209401C3-6851-4BD2-AF0E-C538843E18C9}.Release|Any CPU.ActiveCfg = Release|Any CPU
		{209401C3-6851-4BD2-AF0E-C538843E18C9}.Release|Any CPU.Build.0 = Release|Any CPU
		{ADD4D3D1-A388-48D5-AB1C-EDA50EE4CA1E}.Debug|Any CPU.ActiveCfg = Debug|Any CPU
		{ADD4D3D1-A388-48D5-AB1C-EDA50EE4CA1E}.Debug|Any CPU.Build.0 = Debug|Any CPU
		{ADD4D3D1-A388-48D5-AB1C-EDA50EE4CA1E}.Release|Any CPU.ActiveCfg = Release|Any CPU
		{ADD4D3D1-A388-48D5-AB1C-EDA50EE4CA1E}.Release|Any CPU.Build.0 = Release|Any CPU
		{577A9FC7-03DD-4CA7-B486-CBA1108FF0AD}.Debug|Any CPU.ActiveCfg = Debug|Any CPU
		{577A9FC7-03DD-4CA7-B486-CBA1108FF0AD}.Debug|Any CPU.Build.0 = Debug|Any CPU
		{577A9FC7-03DD-4CA7-B486-CBA1108FF0AD}.Release|Any CPU.ActiveCfg = Release|Any CPU
		{577A9FC7-03DD-4CA7-B486-CBA1108FF0AD}.Release|Any CPU.Build.0 = Release|Any CPU
		{77113C85-26E9-4A87-A226-3C880AEA7E93}.Debug|Any CPU.ActiveCfg = Debug|Any CPU
		{77113C85-26E9-4A87-A226-3C880AEA7E93}.Debug|Any CPU.Build.0 = Debug|Any CPU
		{77113C85-26E9-4A87-A226-3C880AEA7E93}.Release|Any CPU.ActiveCfg = Release|Any CPU
		{77113C85-26E9-4A87-A226-3C880AEA7E93}.Release|Any CPU.Build.0 = Release|Any CPU
	EndGlobalSection
	GlobalSection(SolutionProperties) = preSolution
		HideSolutionNode = FALSE
	EndGlobalSection
EndGlobal
